{
  "name": "@surface/html-template-plugin",
  "version": "0.0.5",
  "lockfileVersion": 1,
  "requires": true,
  "dependencies": {
    "@surface/common": {
      "version": "0.0.5",
      "resolved": "https://registry.npmjs.org/@surface/common/-/common-0.0.5.tgz",
      "integrity": "sha512-5Pp9koE0G+sOt+Vf8PQJg3gWE0tgBIiWqqHwpFfGmnVDvgXmIYB8pUZciQE2NmqtClVB/60kU3qs5eTHehEOLg==",
      "requires": {
        "@surface/core": "0.0.3",
        "@types/node": "8.0.33",
        "@types/webpack": "3.0.13"
      }
    },
    "@surface/core": {
      "version": "0.0.3",
      "resolved": "https://registry.npmjs.org/@surface/core/-/core-0.0.3.tgz",
      "integrity": "sha512-kVMCJcM4AF/UDsOTejHqeOYpG6+KU/XWluh4kOIO71OaJh5aKkfk9OScR+/E/e99jUIXKhr6Z9arDdo3TDxoRw=="
    },
    "@types/node": {
      "version": "8.0.33",
      "resolved": "https://registry.npmjs.org/@types/node/-/node-8.0.33.tgz",
      "integrity": "sha512-vmCdO8Bm1ExT+FWfC9sd9r4jwqM7o97gGy2WBshkkXbf/2nLAJQUrZfIhw27yVOtLUev6kSZc4cav/46KbDd8A=="
    },
    "@types/source-map": {
      "version": "0.5.1",
      "resolved": "https://registry.npmjs.org/@types/source-map/-/source-map-0.5.1.tgz",
      "integrity": "sha512-/GVAjL1Y8puvZab63n8tsuBiYwZt1bApMdx58/msQ9ID5T05ov+wm/ZV1DvYC/DKKEygpTJViqQvkh5Rhrl4CA=="
    },
    "@types/tapable": {
      "version": "0.2.3",
      "resolved": "https://registry.npmjs.org/@types/tapable/-/tapable-0.2.3.tgz",
      "integrity": "sha1-CIiw8gzH5Y4cIqGIi06WPu+qgQo="
    },
    "@types/uglify-js": {
      "version": "2.6.29",
      "resolved": "https://registry.npmjs.org/@types/uglify-js/-/uglify-js-2.6.29.tgz",
      "integrity": "sha512-BdFLCZW0GTl31AbqXSak8ss/MqEZ3DN2MH9rkAyGoTuzK7ifGUlX+u0nfbWeTsa7IPcZhtn8BlpYBXSV+vqGhQ==",
      "requires": {
        "@types/source-map": "0.5.1"
      }
    },
    "@types/webpack": {
      "version": "3.0.13",
      "resolved": "https://registry.npmjs.org/@types/webpack/-/webpack-3.0.13.tgz",
      "integrity": "sha512-gWVIAVaGapOPHOrjUQalUqdJWdUIn8w5gpKzz2L14megpB1euvq4HxvGusp9nhtkYGjD/sIg20Zse42b7+7BDw==",
      "requires": {
        "@types/node": "8.0.33",
        "@types/tapable": "0.2.3",
        "@types/uglify-js": "2.6.29"
      }
    }
  }
}
