{
  "name": "@surface/html-template-plugin",
  "version": "0.0.1",
  "lockfileVersion": 1,
  "requires": true,
  "dependencies": {
    "@surface/common": {
      "version": "0.0.1",
      "resolved": "https://registry.npmjs.org/@surface/common/-/common-0.0.1.tgz",
      "integrity": "sha512-WnwwzwceogPyLmZztyJyZ39RPdr3fbBjShZFoIEb+1EvqFWuylgpGVI0QdU5G9sVto6RDjPE56HyEj58Lk+OkQ==",
      "requires": {
        "@surface/core": "0.0.1"
      }
    },
    "@surface/core": {
      "version": "0.0.1",
      "resolved": "https://registry.npmjs.org/@surface/core/-/core-0.0.1.tgz",
      "integrity": "sha512-CWpLGh8dBD1RX2R7pEha6SW5qs2M5W8cFLXTJ3yHHkj+EhSVkPKoD8urJaAfq4WU7CbLrQsZMaKTAxfRO30cZA=="
    },
    "@types/node": {
      "version": "8.0.24",
      "resolved": "https://registry.npmjs.org/@types/node/-/node-8.0.24.tgz",
      "integrity": "sha512-c3Npme+2JGqxW8+B+aXdN5SPIlCf1C8WxQC6Ea39rO/ASPosnMkWVR16mDJtRE+2dr2xwOQ7DiLxb+wO/TWuPg==",
      "dev": true
    },
    "@types/source-map": {
      "version": "0.5.1",
      "resolved": "https://registry.npmjs.org/@types/source-map/-/source-map-0.5.1.tgz",
      "integrity": "sha512-/GVAjL1Y8puvZab63n8tsuBiYwZt1bApMdx58/msQ9ID5T05ov+wm/ZV1DvYC/DKKEygpTJViqQvkh5Rhrl4CA==",
      "dev": true
    },
    "@types/tapable": {
      "version": "0.2.3",
      "resolved": "https://registry.npmjs.org/@types/tapable/-/tapable-0.2.3.tgz",
      "integrity": "sha1-CIiw8gzH5Y4cIqGIi06WPu+qgQo=",
      "dev": true
    },
    "@types/uglify-js": {
      "version": "2.6.29",
      "resolved": "https://registry.npmjs.org/@types/uglify-js/-/uglify-js-2.6.29.tgz",
      "integrity": "sha512-BdFLCZW0GTl31AbqXSak8ss/MqEZ3DN2MH9rkAyGoTuzK7ifGUlX+u0nfbWeTsa7IPcZhtn8BlpYBXSV+vqGhQ==",
      "dev": true,
      "requires": {
        "@types/source-map": "0.5.1"
      }
    },
    "@types/webpack": {
      "version": "3.0.9",
      "resolved": "https://registry.npmjs.org/@types/webpack/-/webpack-3.0.9.tgz",
      "integrity": "sha512-xXqusBBKbYb8fA1jtE3iO75uRW1ejqGuH93V+6fhbfNY59ndKjfhftJVxcSaYAMDjmFTRBHy82d+513JKuHD5g==",
      "dev": true,
      "requires": {
        "@types/node": "8.0.24",
        "@types/tapable": "0.2.3",
        "@types/uglify-js": "2.6.29"
      }
    }
  }
}
