{
    "name": "@surface/html-template-plugin",
    "version": "0.0.7",
    "lockfileVersion": 1,
    "requires": true,
    "dependencies": {
        "@types/node": {
            "version": "8.0.33",
            "resolved": "https://registry.npmjs.org/@types/node/-/node-8.0.33.tgz",
            "integrity": "sha512-vmCdO8Bm1ExT+FWfC9sd9r4jwqM7o97gGy2WBshkkXbf/2nLAJQUrZfIhw27yVOtLUev6kSZc4cav/46KbDd8A=="
        },
        "@types/source-map": {
            "version": "0.5.2",
            "resolved": "https://registry.npmjs.org/@types/source-map/-/source-map-0.5.2.tgz",
            "integrity": "sha512-++w4WmMbk3dS3UeHGzAG+xJOSz5Xqtjys/TBkqG3qp3SeWE7Wwezqe5eB7B51cxUyh4PW7bwVotpsLdBK0D8cw=="
        },
        "@types/tapable": {
            "version": "0.2.4",
            "resolved": "https://registry.npmjs.org/@types/tapable/-/tapable-0.2.4.tgz",
            "integrity": "sha512-pclMAvhPnXJcJu1ZZ8bQthuUcdDWzDuxDdbSf6l1U6s4fP6EBiZpPsOZYqFOrbqDV97sXGFSsb6AUpiLfv4xIA=="
        },
        "@types/uglify-js": {
            "version": "2.6.29",
            "resolved": "https://registry.npmjs.org/@types/uglify-js/-/uglify-js-2.6.29.tgz",
            "integrity": "sha512-BdFLCZW0GTl31AbqXSak8ss/MqEZ3DN2MH9rkAyGoTuzK7ifGUlX+u0nfbWeTsa7IPcZhtn8BlpYBXSV+vqGhQ==",
            "requires": {
                "@types/source-map": "0.5.2"
            }
        },
        "@types/webpack": {
            "version": "3.0.13",
            "resolved": "https://registry.npmjs.org/@types/webpack/-/webpack-3.0.13.tgz",
            "integrity": "sha512-gWVIAVaGapOPHOrjUQalUqdJWdUIn8w5gpKzz2L14megpB1euvq4HxvGusp9nhtkYGjD/sIg20Zse42b7+7BDw==",
            "requires": {
                "@types/node": "8.0.33",
                "@types/tapable": "0.2.4",
                "@types/uglify-js": "2.6.29"
            }
        }
    }
}
