{
  "name": "@surface/enumerable",
  "version": "0.0.4",
  "lockfileVersion": 1,
  "requires": true,
  "dependencies": {
    "@surface/core": {
      "version": "0.0.3",
      "resolved": "https://registry.npmjs.org/@surface/core/-/core-0.0.3.tgz",
      "integrity": "sha512-kVMCJcM4AF/UDsOTejHqeOYpG6+KU/XWluh4kOIO71OaJh5aKkfk9OScR+/E/e99jUIXKhr6Z9arDdo3TDxoRw=="
    }
  }
}
