{
    "name": "@surface/io",
    "version": "0.1.0-alpha.0",
    "lockfileVersion": 1,
    "requires": true,
    "dependencies": {
        "@types/node": {
            "version": "14.11.8",
            "resolved": "https://registry.npmjs.org/@types/node/-/node-14.11.8.tgz",
            "integrity": "sha512-KPcKqKm5UKDkaYPTuXSx8wEP7vE9GnuaXIZKijwRYcePpZFDVuy2a57LarFKiORbHOuTOOwYzxVxcUzsh2P2Pw=="
        },
        "tslib": {
            "version": "2.0.3",
            "resolved": "https://registry.npmjs.org/tslib/-/tslib-2.0.3.tgz",
            "integrity": "sha512-uZtkfKblCEQtZKBF6EBXVZeQNl82yqtDQdv+eck8u7tdPxjLu2/lp5/uPW+um2tpuxINHWy3GhiccY7QgEaVHQ=="
        }
    }
}
