{
  "name": "@surface/common",
  "version": "0.0.1",
  "lockfileVersion": 1,
  "requires": true,
  "dependencies": {
    "@surface/core": {
      "version": "0.0.1",
      "resolved": "https://registry.npmjs.org/@surface/core/-/core-0.0.1.tgz",
      "integrity": "sha512-CWpLGh8dBD1RX2R7pEha6SW5qs2M5W8cFLXTJ3yHHkj+EhSVkPKoD8urJaAfq4WU7CbLrQsZMaKTAxfRO30cZA=="
    },
    "@types/node": {
      "version": "8.0.26",
      "resolved": "https://registry.npmjs.org/@types/node/-/node-8.0.26.tgz",
      "integrity": "sha512-wbKN0MB4XsjdnSE04HiCzLoBDirGCM6zXrqavSj44nZnPFYpnrTF64E9O6Xmf0ca/IuKK/BHUcXwMiwk92gW6Q==",
      "dev": true
    }
  }
}
