{
    "name": "@surface/view-host",
    "version": "0.0.0",
    "lockfileVersion": 1,
    "requires": true,
    "dependencies": {
        "@surface/reflection": {
            "version": "0.0.0",
            "requires": {
                "@surface/enumerable": "0.0.5",
                "@surface/types": "0.0.1",
                "tslib": "1.8.0"
            },
            "dependencies": {
                "@surface/enumerable": {
                    "version": "0.0.5",
                    "bundled": true,
                    "requires": {
                        "@surface/types": "0.0.1"
                    },
                    "dependencies": {
                        "@surface/types": {
                            "version": "0.0.1",
                            "bundled": true
                        }
                    }
                },
                "@surface/types": {
                    "version": "0.0.1",
                    "bundled": true
                },
                "tslib": {
                    "version": "1.8.0",
                    "bundled": true
                }
            }
        },
        "@surface/types": {
            "version": "0.0.1"
        },
        "tslib": {
            "version": "1.8.0",
            "resolved": "https://registry.npmjs.org/tslib/-/tslib-1.8.0.tgz",
            "integrity": "sha512-ymKWWZJST0/CkgduC2qkzjMOWr4bouhuURNXCn/inEX0L57BnRG6FhX76o7FOnsjHazCjfU2LKeSrlS2sIKQJg=="
        }
    }
}
