{
    "name": "@surface/custom-element",
    "version": "0.0.5",
    "lockfileVersion": 1,
    "requires": true,
    "dependencies": {
        "@surface/core": {
            "version": "0.0.3",
            "resolved": "https://registry.npmjs.org/@surface/core/-/core-0.0.3.tgz",
            "integrity": "sha512-kVMCJcM4AF/UDsOTejHqeOYpG6+KU/XWluh4kOIO71OaJh5aKkfk9OScR+/E/e99jUIXKhr6Z9arDdo3TDxoRw=="
        },
        "@surface/enumerable": {
            "version": "0.0.3",
            "resolved": "https://registry.npmjs.org/@surface/enumerable/-/enumerable-0.0.3.tgz",
            "integrity": "sha512-BUTF+/dO400R+m6/3i6SNgzouW5w/frCzfaGpJ7XEOZpJ4kw7mJqv91jCIk3VkUsUGgD75Gjuwb9Q/DVt530BQ==",
            "requires": {
                "@surface/core": "0.0.3"
            }
        },
        "@surface/types": {
            "version": "0.0.0",
            "resolved": "https://registry.npmjs.org/@surface/types/-/types-0.0.0.tgz",
            "integrity": "sha512-9dpu4us5/VXRvljRjHWmBXXksKHTVT/apIQDoyDytzCwIPQHiTmTeivfxrH6w+1wtoyREOT3GqcVdvJ+g8LHSg=="
        },
        "@types/reflect-metadata": {
            "version": "0.0.5",
            "resolved": "https://registry.npmjs.org/@types/reflect-metadata/-/reflect-metadata-0.0.5.tgz",
            "integrity": "sha1-nAQr+pgD1Xeq1PV9+8pLfK5Chv4="
        }
    }
}
