{
  "name": "@surface/lazy-loader",
  "version": "0.0.0",
  "lockfileVersion": 1,
  "requires": true,
  "dependencies": {
    "@surface/core": {
      "version": "0.0.1",
      "resolved": "https://registry.npmjs.org/@surface/core/-/core-0.0.1.tgz",
      "integrity": "sha512-CWpLGh8dBD1RX2R7pEha6SW5qs2M5W8cFLXTJ3yHHkj+EhSVkPKoD8urJaAfq4WU7CbLrQsZMaKTAxfRO30cZA=="
    }
  }
}
