{
  "name": "@surface/code-splitter-plugin",
  "version": "0.0.1",
  "lockfileVersion": 1,
  "requires": true,
  "dependencies": {
    "@types/node": {
      "version": "8.0.25",
      "resolved": "https://registry.npmjs.org/@types/node/-/node-8.0.25.tgz",
      "integrity": "sha512-zT+t9841g1HsjLtPMCYxmb1U4pcZ2TOegAKiomlmj6bIziuaEYHUavxLE9NRwdntY0vOCrgHho6OXjDX7fm/Kw==",
      "dev": true
    },
    "@types/source-map": {
      "version": "0.5.1",
      "resolved": "https://registry.npmjs.org/@types/source-map/-/source-map-0.5.1.tgz",
      "integrity": "sha512-/GVAjL1Y8puvZab63n8tsuBiYwZt1bApMdx58/msQ9ID5T05ov+wm/ZV1DvYC/DKKEygpTJViqQvkh5Rhrl4CA==",
      "dev": true
    },
    "@types/tapable": {
      "version": "0.2.4",
      "resolved": "https://registry.npmjs.org/@types/tapable/-/tapable-0.2.4.tgz",
      "integrity": "sha512-pclMAvhPnXJcJu1ZZ8bQthuUcdDWzDuxDdbSf6l1U6s4fP6EBiZpPsOZYqFOrbqDV97sXGFSsb6AUpiLfv4xIA==",
      "dev": true
    },
    "@types/uglify-js": {
      "version": "2.6.29",
      "resolved": "https://registry.npmjs.org/@types/uglify-js/-/uglify-js-2.6.29.tgz",
      "integrity": "sha512-BdFLCZW0GTl31AbqXSak8ss/MqEZ3DN2MH9rkAyGoTuzK7ifGUlX+u0nfbWeTsa7IPcZhtn8BlpYBXSV+vqGhQ==",
      "dev": true,
      "requires": {
        "@types/source-map": "0.5.1"
      }
    },
    "@types/webpack": {
      "version": "3.0.10",
      "resolved": "https://registry.npmjs.org/@types/webpack/-/webpack-3.0.10.tgz",
      "integrity": "sha512-Xjv1QuWFCVwjxnpcgcdvtR6G4w0tCUpV1Mi5+LPN8w89a/qu8NVbTm1zhD7ZWzvvjE5fMtYNchFHcbjV3u2jyg==",
      "dev": true,
      "requires": {
        "@types/node": "8.0.25",
        "@types/tapable": "0.2.4",
        "@types/uglify-js": "2.6.29"
      }
    }
  }
}
