{
    "name": "@surface/server",
    "version": "0.0.0",
    "lockfileVersion": 1,
    "requires": true,
    "dependencies": {
        "@surface/common": {
            "version": "0.0.7",
            "resolved": "https://registry.npmjs.org/@surface/common/-/common-0.0.7.tgz",
            "integrity": "sha512-Tp0AY6jrC9Sh+YfIrPNH5+Rbvw18VVI4mSqRrOTSrsw2vQvpNzVe1+hFf4OYZAsec1n8xN1+FZHSXWH+74mEtA==",
            "requires": {
                "@surface/types": "0.0.0",
                "@types/node": "8.0.33",
                "@types/webpack": "3.0.13"
            }
        },
        "@surface/enumerable": {
            "version": "0.0.4",
            "resolved": "https://registry.npmjs.org/@surface/enumerable/-/enumerable-0.0.4.tgz",
            "integrity": "sha512-lueJF07lY/I7RnXJ+7et0vbQkrVKpUfQxXzcEH+PdbRpqREJ442hs1r9o1mtt3A0acEdjEc0fl2I5skPAh8byg==",
            "requires": {
                "@surface/types": "0.0.0"
            }
        },
        "@surface/types": {
            "version": "0.0.0",
            "resolved": "https://registry.npmjs.org/@surface/types/-/types-0.0.0.tgz",
            "integrity": "sha512-9dpu4us5/VXRvljRjHWmBXXksKHTVT/apIQDoyDytzCwIPQHiTmTeivfxrH6w+1wtoyREOT3GqcVdvJ+g8LHSg=="
        },
        "@types/commander": {
            "version": "2.11.0",
            "resolved": "https://registry.npmjs.org/@types/commander/-/commander-2.11.0.tgz",
            "integrity": "sha512-G4+ewSX5/TPqpUjltkuyJ4QhX8oTy94WEyJMvC+R8cg/qKGjq+/n+b/TRVe/+/278jV9Iot5dS186r7NCcUrtg==",
            "requires": {
                "@types/node": "8.0.33"
            }
        },
        "@types/node": {
            "version": "8.0.33",
            "resolved": "https://registry.npmjs.org/@types/node/-/node-8.0.33.tgz",
            "integrity": "sha512-vmCdO8Bm1ExT+FWfC9sd9r4jwqM7o97gGy2WBshkkXbf/2nLAJQUrZfIhw27yVOtLUev6kSZc4cav/46KbDd8A=="
        },
        "@types/source-map": {
            "version": "0.5.1",
            "resolved": "https://registry.npmjs.org/@types/source-map/-/source-map-0.5.1.tgz",
            "integrity": "sha512-/GVAjL1Y8puvZab63n8tsuBiYwZt1bApMdx58/msQ9ID5T05ov+wm/ZV1DvYC/DKKEygpTJViqQvkh5Rhrl4CA=="
        },
        "@types/tapable": {
            "version": "0.2.4",
            "resolved": "https://registry.npmjs.org/@types/tapable/-/tapable-0.2.4.tgz",
            "integrity": "sha512-pclMAvhPnXJcJu1ZZ8bQthuUcdDWzDuxDdbSf6l1U6s4fP6EBiZpPsOZYqFOrbqDV97sXGFSsb6AUpiLfv4xIA=="
        },
        "@types/uglify-js": {
            "version": "2.6.29",
            "resolved": "https://registry.npmjs.org/@types/uglify-js/-/uglify-js-2.6.29.tgz",
            "integrity": "sha512-BdFLCZW0GTl31AbqXSak8ss/MqEZ3DN2MH9rkAyGoTuzK7ifGUlX+u0nfbWeTsa7IPcZhtn8BlpYBXSV+vqGhQ==",
            "requires": {
                "@types/source-map": "0.5.1"
            }
        },
        "@types/webpack": {
            "version": "3.0.13",
            "resolved": "https://registry.npmjs.org/@types/webpack/-/webpack-3.0.13.tgz",
            "integrity": "sha512-gWVIAVaGapOPHOrjUQalUqdJWdUIn8w5gpKzz2L14megpB1euvq4HxvGusp9nhtkYGjD/sIg20Zse42b7+7BDw==",
            "requires": {
                "@types/node": "8.0.33",
                "@types/tapable": "0.2.4",
                "@types/uglify-js": "2.6.29"
            }
        },
        "commander": {
            "version": "2.11.0",
            "resolved": "https://registry.npmjs.org/commander/-/commander-2.11.0.tgz",
            "integrity": "sha512-b0553uYA5YAEGgyYIGYROzKQ7X5RAqedkfjiZxwi0kL1g3bOaBNNZfYkzt/CL0umgD5wc9Jec2FbB98CjkMRvQ=="
        },
        "tslib": {
            "version": "1.8.0",
            "resolved": "https://registry.npmjs.org/tslib/-/tslib-1.8.0.tgz",
            "integrity": "sha512-ymKWWZJST0/CkgduC2qkzjMOWr4bouhuURNXCn/inEX0L57BnRG6FhX76o7FOnsjHazCjfU2LKeSrlS2sIKQJg=="
        }
    }
}
