{
    "name": "@surface/reflection",
    "version": "1.0.0-alpha.0",
    "lockfileVersion": 1,
    "requires": true,
    "dependencies": {
        "reflect-metadata": {
            "version": "0.1.13",
            "resolved": "https://registry.npmjs.org/reflect-metadata/-/reflect-metadata-0.1.13.tgz",
            "integrity": "sha512-Ts1Y/anZELhSsjMcU605fU9RE4Oi3p5ORujwbIKXfWa+0Zxs510Qrmrce5/Jowq3cHSZSJqBjypxmHarc+vEWg=="
        },
        "tslib": {
            "version": "2.0.1",
            "resolved": "https://registry.npmjs.org/tslib/-/tslib-2.0.1.tgz",
            "integrity": "sha512-SgIkNheinmEBgx1IUNirK0TUD4X9yjjBRTqqjggWCU3pUEqIk3/Uwl3yRixYKT6WjQuGiwDv4NomL3wqRCj+CQ=="
        }
    }
}
