{
    "name": "@surface/web-host",
    "version": "0.0.0",
    "lockfileVersion": 1,
    "requires": true,
    "dependencies": {
        "@types/node": {
            "version": "8.0.50",
            "resolved": "https://registry.npmjs.org/@types/node/-/node-8.0.50.tgz",
            "integrity": "sha512-N9OVsMBspboNvYaLAQnLEhb2eQ96lavogMR5LoH5k8nb1PvBZHSBFhzhsq2LNzGTBBOtBviOc1GiSu+wlM/pGw=="
        },
        "@types/source-map": {
            "version": "0.5.2",
            "resolved": "https://registry.npmjs.org/@types/source-map/-/source-map-0.5.2.tgz",
            "integrity": "sha512-++w4WmMbk3dS3UeHGzAG+xJOSz5Xqtjys/TBkqG3qp3SeWE7Wwezqe5eB7B51cxUyh4PW7bwVotpsLdBK0D8cw=="
        },
        "@types/tapable": {
            "version": "0.2.4",
            "resolved": "https://registry.npmjs.org/@types/tapable/-/tapable-0.2.4.tgz",
            "integrity": "sha512-pclMAvhPnXJcJu1ZZ8bQthuUcdDWzDuxDdbSf6l1U6s4fP6EBiZpPsOZYqFOrbqDV97sXGFSsb6AUpiLfv4xIA=="
        },
        "@types/uglify-js": {
            "version": "2.6.29",
            "resolved": "https://registry.npmjs.org/@types/uglify-js/-/uglify-js-2.6.29.tgz",
            "integrity": "sha512-BdFLCZW0GTl31AbqXSak8ss/MqEZ3DN2MH9rkAyGoTuzK7ifGUlX+u0nfbWeTsa7IPcZhtn8BlpYBXSV+vqGhQ==",
            "requires": {
                "@types/source-map": "0.5.2"
            }
        },
        "@types/webpack": {
            "version": "3.8.1",
            "resolved": "https://registry.npmjs.org/@types/webpack/-/webpack-3.8.1.tgz",
            "integrity": "sha512-121nghW8XJ0tFNGuQh5k+VoSMLm71c7bEmNI0MMNDtKiNUcij3nWwypQccfEQrGcmJCAMkoC5vZLtdT4fbbCzw==",
            "requires": {
                "@types/node": "8.0.50",
                "@types/tapable": "0.2.4",
                "@types/uglify-js": "2.6.29"
            }
        }
    }
}
