{
    "name": "@surface/simbling-resolve-plugin",
    "version": "0.0.0",
    "lockfileVersion": 1,
    "requires": true,
    "dependencies": {
        "@types/node": {
            "version": "8.0.33",
            "resolved": "https://registry.npmjs.org/@types/node/-/node-8.0.33.tgz",
            "integrity": "sha512-vmCdO8Bm1ExT+FWfC9sd9r4jwqM7o97gGy2WBshkkXbf/2nLAJQUrZfIhw27yVOtLUev6kSZc4cav/46KbDd8A=="
        },
        "@types/tapable": {
            "version": "0.2.4",
            "resolved": "https://registry.npmjs.org/@types/tapable/-/tapable-0.2.4.tgz",
            "integrity": "sha512-pclMAvhPnXJcJu1ZZ8bQthuUcdDWzDuxDdbSf6l1U6s4fP6EBiZpPsOZYqFOrbqDV97sXGFSsb6AUpiLfv4xIA=="
        },
        "@types/uglify-js": {
            "version": "2.6.30",
            "resolved": "https://registry.npmjs.org/@types/uglify-js/-/uglify-js-2.6.30.tgz",
            "integrity": "sha512-NjiBNGFl58vHJeijl63w1fWRIjLnrfOvimsXF5b3lTzEzkTV1BnVsbqQeLejg54upsHPWIF63aiub5TEwH619A==",
            "requires": {
                "source-map": "0.6.1"
            }
        },
        "@types/webpack": {
            "version": "3.8.8",
            "resolved": "https://registry.npmjs.org/@types/webpack/-/webpack-3.8.8.tgz",
            "integrity": "sha512-pZxQOJR7NvRn913/hklPmmVjG4cCjyz6WmhIEtqJYGjjG2MXpBIlFAsq+wXXZslJLBdMiIzUAIt53u9fhU9prA==",
            "requires": {
                "@types/node": "8.0.33",
                "@types/tapable": "0.2.4",
                "@types/uglify-js": "2.6.30",
                "source-map": "0.6.1"
            }
        },
        "source-map": {
            "version": "0.6.1",
            "resolved": "https://registry.npmjs.org/source-map/-/source-map-0.6.1.tgz",
            "integrity": "sha512-UjgapumWlbMhkBgzT7Ykc5YXUT46F0iKu8SGXq0bcwP5dz/h0Plj6enJqjz1Zbq2l5WaqYnrVbwWOWMyF3F47g=="
        }
    }
}
